
Microsoft Visual Studio Solution File, Format Version 12.00
# Visual Studio Version 16
VisualStudioVersion = 16.0.30309.148
MinimumVisualStudioVersion = 10.0.40219.1
Project("{9A19103F-16F7-4668-BE54-9A1E7A4F7556}") = "WorkManagementSystem.Models", "WorkManagementSystem.Models\WorkManagementSystem.Models.csproj", "{B7DD4DEE-C25B-4AA2-8759-FABD67E70DCC}"
EndProject
Project("{9A19103F-16F7-4668-BE54-9A1E7A4F7556}") = "WorkManagementSystem.Core", "WorkManagementSystem.Core\WorkManagementSystem.Core.csproj", "{E5E84895-96D9-4088-80A5-E51BDF1A91F0}"
EndProject
Project("{9A19103F-16F7-4668-BE54-9A1E7A4F7556}") = "WorkManagementSystem.CLI", "WorkManagementSystem.CLI\WorkManagementSystem.CLI.csproj", "{A9C965BD-0CDD-49F5-BE90-5900EBE0F6CF}"
EndProject
Project("{9A19103F-16F7-4668-BE54-9A1E7A4F7556}") = "WorkManagementSystem.Tests", "WorkManagementSystem.Tests\WorkManagementSystem.Tests.csproj", "{65EB089F-9326-4997-8DCF-DE7D650CAE24}"
EndProject
Global
	GlobalSection(SolutionConfigurationPlatforms) = preSolution
		Debug|Any CPU = Debug|Any CPU
		Release|Any CPU = Release|Any CPU
	EndGlobalSection
	GlobalSection(ProjectConfigurationPlatforms) = postSolution
		{B7DD4DEE-C25B-4AA2-8759-FABD67E70DCC}.Debug|Any CPU.ActiveCfg = Debug|Any CPU
		{B7DD4DEE-C25B-4AA2-8759-FABD67E70DCC}.Debug|Any CPU.Build.0 = Debug|Any CPU
		{B7DD4DEE-C25B-4AA2-8759-FABD67E70DCC}.Release|Any CPU.ActiveCfg = Release|Any CPU
		{B7DD4DEE-C25B-4AA2-8759-FABD67E70DCC}.Release|Any CPU.Build.0 = Release|Any CPU
		{E5E84895-96D9-4088-80A5-E51BDF1A91F0}.Debug|Any CPU.ActiveCfg = Debug|Any CPU
		{E5E84895-96D9-4088-80A5-E51BDF1A91F0}.Debug|Any CPU.Build.0 = Debug|Any CPU
		{E5E84895-96D9-4088-80A5-E51BDF1A91F0}.Release|Any CPU.ActiveCfg = Release|Any CPU
		{E5E84895-96D9-4088-80A5-E51BDF1A91F0}.Release|Any CPU.Build.0 = Release|Any CPU
		{A9C965BD-0CDD-49F5-BE90-5900EBE0F6CF}.Debug|Any CPU.ActiveCfg = Debug|Any CPU
		{A9C965BD-0CDD-49F5-BE90-5900EBE0F6CF}.Debug|Any CPU.Build.0 = Debug|Any CPU
		{A9C965BD-0CDD-49F5-BE90-5900EBE0F6CF}.Release|Any CPU.ActiveCfg = Release|Any CPU
		{A9C965BD-0CDD-49F5-BE90-5900EBE0F6CF}.Release|Any CPU.Build.0 = Release|Any CPU
		{65EB089F-9326-4997-8DCF-DE7D650CAE24}.Debug|Any CPU.ActiveCfg = Debug|Any CPU
		{65EB089F-9326-4997-8DCF-DE7D650CAE24}.Debug|Any CPU.Build.0 = Debug|Any CPU
		{65EB089F-9326-4997-8DCF-DE7D650CAE24}.Release|Any CPU.ActiveCfg = Release|Any CPU
		{65EB089F-9326-4997-8DCF-DE7D650CAE24}.Release|Any CPU.Build.0 = Release|Any CPU
	EndGlobalSection
	GlobalSection(SolutionProperties) = preSolution
		HideSolutionNode = FALSE
	EndGlobalSection
	GlobalSection(ExtensibilityGlobals) = postSolution
		SolutionGuid = {85B39EE4-C79D-48B8-872F-04357009DF8F}
	EndGlobalSection
EndGlobal
